
Microsoft Visual Studio Solution File, Format Version 12.00
# Visual Studio Version 17
VisualStudioVersion = 17.0.31903.59
MinimumVisualStudioVersion = 10.0.40219.1
Project("{FAE04EC0-301F-11D3-BF4B-00C04F79EFBC}") = "SignalFilter", "SignalFilter\SignalFilter.csproj", "{FB98CD6F-FD8D-4163-8EAD-CDB126E29781}"
EndProject
Project("{FAE04EC0-301F-11D3-BF4B-00C04F79EFBC}") = "SignalFilter.Tests", "SignalFilter.Tests\SignalFilter.Tests.csproj", "{B9305324-EA2D-4F6E-9613-DF3ED2BAF636}"
EndProject
Global
	GlobalSection(SolutionConfigurationPlatforms) = preSolution
		Debug|Any CPU = Debug|Any CPU
		Release|Any CPU = Release|Any CPU
	EndGlobalSection
	GlobalSection(SolutionProperties) = preSolution
		HideSolutionNode = FALSE
	EndGlobalSection
	GlobalSection(ProjectConfigurationPlatforms) = postSolution
		{FB98CD6F-FD8D-4163-8EAD-CDB126E29781}.Debug|Any CPU.ActiveCfg = Debug|Any CPU
		{FB98CD6F-FD8D-4163-8EAD-CDB126E29781}.Debug|Any CPU.Build.0 = Debug|Any CPU
		{FB98CD6F-FD8D-4163-8EAD-CDB126E29781}.Release|Any CPU.ActiveCfg = Release|Any CPU
		{FB98CD6F-FD8D-4163-8EAD-CDB126E29781}.Release|Any CPU.Build.0 = Release|Any CPU
		{B9305324-EA2D-4F6E-9613-DF3ED2BAF636}.Debug|Any CPU.ActiveCfg = Debug|Any CPU
		{B9305324-EA2D-4F6E-9613-DF3ED2BAF636}.Debug|Any CPU.Build.0 = Debug|Any CPU
		{B9305324-EA2D-4F6E-9613-DF3ED2BAF636}.Release|Any CPU.ActiveCfg = Release|Any CPU
		{B9305324-EA2D-4F6E-9613-DF3ED2BAF636}.Release|Any CPU.Build.0 = Release|Any CPU
	EndGlobalSection
EndGlobal
